// !$*UTF8*$!
{
	archiveVersion = 1;
	classes = {
	};
	objectVersion = 45;
	objects = {

/* Begin PBXBuildFile section */
		1D3623260D0F684500981E51 /* EyesOnAppDelegate.m in Sources */ = {isa = PBXBuildFile; fileRef = 1D3623250D0F684500981E51 /* EyesOnAppDelegate.m */; };
		1D60589B0D05DD56006BFB54 /* main.m in Sources */ = {isa = PBXBuildFile; fileRef = 29B97316FDCFA39411CA2CEA /* main.m */; };
		1D60589F0D05DD5A006BFB54 /* Foundation.framework in Frameworks */ = {isa = PBXBuildFile; fileRef = 1D30AB110D05D00D00671497 /* Foundation.framework */; };
		1DF5F4E00D08C38300B7A737 /* UIKit.framework in Frameworks */ = {isa = PBXBuildFile; fileRef = 1DF5F4DF0D08C38300B7A737 /* UIKit.framework */; };
		288765FD0DF74451002DB57D /* CoreGraphics.framework in Frameworks */ = {isa = PBXBuildFile; fileRef = 288765FC0DF74451002DB57D /* CoreGraphics.framework */; };
		574CA0AB1265735A00F49959 /* libextThree20JSON+SBJSON.a in Frameworks */ = {isa = PBXBuildFile; fileRef = 574CA08F1265729D00F49959 /* libextThree20JSON+SBJSON.a */; };
		574CA28F1266B33200F49959 /* ASIAuthenticationDialog.m in Sources */ = {isa = PBXBuildFile; fileRef = 574CA2721266B33200F49959 /* ASIAuthenticationDialog.m */; };
		574CA2901266B33200F49959 /* ASIDownloadCache.m in Sources */ = {isa = PBXBuildFile; fileRef = 574CA2751266B33200F49959 /* ASIDownloadCache.m */; };
		574CA2911266B33200F49959 /* ASIFormDataRequest.m in Sources */ = {isa = PBXBuildFile; fileRef = 574CA2771266B33200F49959 /* ASIFormDataRequest.m */; };
		574CA2921266B33200F49959 /* ASIHTTPRequest.m in Sources */ = {isa = PBXBuildFile; fileRef = 574CA2791266B33200F49959 /* ASIHTTPRequest.m */; };
		574CA2931266B33200F49959 /* ASIInputStream.m in Sources */ = {isa = PBXBuildFile; fileRef = 574CA27D1266B33200F49959 /* ASIInputStream.m */; };
		574CA2941266B33200F49959 /* ASINetworkQueue.m in Sources */ = {isa = PBXBuildFile; fileRef = 574CA27F1266B33200F49959 /* ASINetworkQueue.m */; };
		574CA2951266B33200F49959 /* ASIS3Bucket.m in Sources */ = {isa = PBXBuildFile; fileRef = 574CA2841266B33200F49959 /* ASIS3Bucket.m */; };
		574CA2961266B33200F49959 /* ASIS3BucketObject.m in Sources */ = {isa = PBXBuildFile; fileRef = 574CA2861266B33200F49959 /* ASIS3BucketObject.m */; };
		574CA2971266B33200F49959 /* ASIS3BucketRequest.m in Sources */ = {isa = PBXBuildFile; fileRef = 574CA2881266B33200F49959 /* ASIS3BucketRequest.m */; };
		574CA2981266B33200F49959 /* ASIS3ObjectRequest.m in Sources */ = {isa = PBXBuildFile; fileRef = 574CA28A1266B33200F49959 /* ASIS3ObjectRequest.m */; };
		574CA2991266B33200F49959 /* ASIS3Request.m in Sources */ = {isa = PBXBuildFile; fileRef = 574CA28C1266B33200F49959 /* ASIS3Request.m */; };
		574CA29A1266B33200F49959 /* ASIS3ServiceRequest.m in Sources */ = {isa = PBXBuildFile; fileRef = 574CA28E1266B33200F49959 /* ASIS3ServiceRequest.m */; };
		574CA29E1266B34200F49959 /* Reachability.m in Sources */ = {isa = PBXBuildFile; fileRef = 574CA29D1266B34200F49959 /* Reachability.m */; };
		574CA2A61266B53200F49959 /* CFNetwork.framework in Frameworks */ = {isa = PBXBuildFile; fileRef = 574CA2A51266B53200F49959 /* CFNetwork.framework */; };
		574CA2A81266B53200F49959 /* MobileCoreServices.framework in Frameworks */ = {isa = PBXBuildFile; fileRef = 574CA2A71266B53200F49959 /* MobileCoreServices.framework */; };
		574CA2AA1266B53200F49959 /* SystemConfiguration.framework in Frameworks */ = {isa = PBXBuildFile; fileRef = 574CA2A91266B53200F49959 /* SystemConfiguration.framework */; };
		574CA2AC1266B53200F49959 /* libz.1.2.3.dylib in Frameworks */ = {isa = PBXBuildFile; fileRef = 574CA2AB1266B53200F49959 /* libz.1.2.3.dylib */; };
		5771ABEE1257FCB40009B33F /* EyesOn_Icon.png in Resources */ = {isa = PBXBuildFile; fileRef = 5771ABED1257FCB40009B33F /* EyesOn_Icon.png */; };
		5771ACA41258241F0009B33F /* Photo.m in Sources */ = {isa = PBXBuildFile; fileRef = 5771ACA31258241F0009B33F /* Photo.m */; };
		57FAD5A11257ADE300773631 /* libThree20Core.a in Frameworks */ = {isa = PBXBuildFile; fileRef = 57FAD5801257ADDA00773631 /* libThree20Core.a */; };
		57FAD5A21257ADE300773631 /* libThree20Network.a in Frameworks */ = {isa = PBXBuildFile; fileRef = 57FAD5861257ADDA00773631 /* libThree20Network.a */; };
		57FAD5A31257ADE400773631 /* libThree20UI.a in Frameworks */ = {isa = PBXBuildFile; fileRef = 57FAD59E1257ADDA00773631 /* libThree20UI.a */; };
		57FAD5A41257ADE500773631 /* libThree20Style.a in Frameworks */ = {isa = PBXBuildFile; fileRef = 57FAD58C1257ADDA00773631 /* libThree20Style.a */; };
		57FAD5A51257ADE600773631 /* libThree20UICommon.a in Frameworks */ = {isa = PBXBuildFile; fileRef = 57FAD5921257ADDA00773631 /* libThree20UICommon.a */; };
		57FAD5A61257ADE600773631 /* libThree20UINavigator.a in Frameworks */ = {isa = PBXBuildFile; fileRef = 57FAD5981257ADDA00773631 /* libThree20UINavigator.a */; };
		57FAD5BF1257AE8F00773631 /* Three20.bundle in Resources */ = {isa = PBXBuildFile; fileRef = 57FAD5BE1257AE8F00773631 /* Three20.bundle */; };
		57FAD63F1257AEB600773631 /* QuartzCore.framework in Frameworks */ = {isa = PBXBuildFile; fileRef = 57FAD63E1257AEB600773631 /* QuartzCore.framework */; };
		57FAD6AE1257BB9D00773631 /* PhotoController.m in Sources */ = {isa = PBXBuildFile; fileRef = 57FAD6AD1257BB9D00773631 /* PhotoController.m */; };
		57FAD6B51257BBBD00773631 /* PhotoSource.m in Sources */ = {isa = PBXBuildFile; fileRef = 57FAD6B41257BBBD00773631 /* PhotoSource.m */; };
		57FAD73A1257BF1800773631 /* StartUpController.m in Sources */ = {isa = PBXBuildFile; fileRef = 57FAD7381257BF1800773631 /* StartUpController.m */; };
		57FAD73B1257BF1800773631 /* StartUpController.xib in Resources */ = {isa = PBXBuildFile; fileRef = 57FAD7391257BF1800773631 /* StartUpController.xib */; };
		57FAD7581257C2AD00773631 /* SutroWide.png in Resources */ = {isa = PBXBuildFile; fileRef = 57FAD7571257C2AD00773631 /* SutroWide.png */; };
		57FAD81F1257CB9C00773631 /* EOLocationProvider.m in Sources */ = {isa = PBXBuildFile; fileRef = 57FAD80F1257CA4200773631 /* EOLocationProvider.m */; };
		57FAD8231257CBB900773631 /* CoreLocation.framework in Frameworks */ = {isa = PBXBuildFile; fileRef = 57FAD8221257CBB900773631 /* CoreLocation.framework */; };
		57FAD84A1257CE3400773631 /* TargetsSource.m in Sources */ = {isa = PBXBuildFile; fileRef = 57FAD8491257CE3400773631 /* TargetsSource.m */; };
		57FAD84D1257DEF200773631 /* TargetsController.m in Sources */ = {isa = PBXBuildFile; fileRef = 57FAD84C1257DEF200773631 /* TargetsController.m */; };
		57FAD88B1257E46A00773631 /* Target.m in Sources */ = {isa = PBXBuildFile; fileRef = 57FAD88A1257E3FE00773631 /* Target.m */; };
		57FAD8901257E52100773631 /* TargetsModel.m in Sources */ = {isa = PBXBuildFile; fileRef = 57FAD88F1257E52100773631 /* TargetsModel.m */; };
		57FAD8F91257EDE100773631 /* TargetDetailViewController.m in Sources */ = {isa = PBXBuildFile; fileRef = 57FAD8F71257EDE100773631 /* TargetDetailViewController.m */; };
		57FAD9001257EE1300773631 /* OverlayViewController.m in Sources */ = {isa = PBXBuildFile; fileRef = 57FAD8FE1257EE1300773631 /* OverlayViewController.m */; };
		57FAD9011257EE1300773631 /* OverlayViewController.xib in Resources */ = {isa = PBXBuildFile; fileRef = 57FAD8FF1257EE1300773631 /* OverlayViewController.xib */; };
		57FAD9071257EE4900773631 /* tick.aiff in Resources */ = {isa = PBXBuildFile; fileRef = 57FAD9061257EE4900773631 /* tick.aiff */; };
		57FAD9091257EE6A00773631 /* AudioToolbox.framework in Frameworks */ = {isa = PBXBuildFile; fileRef = 57FAD9081257EE6A00773631 /* AudioToolbox.framework */; };
/* End PBXBuildFile section */

/* Begin PBXContainerItemProxy section */
		574CA08E1265729D00F49959 /* PBXContainerItemProxy */ = {
			isa = PBXContainerItemProxy;
			containerPortal = 574CA0831265729D00F49959 /* extThree20JSON.xcodeproj */;
			proxyType = 2;
			remoteGlobalIDString = BEF31F3A0F352DF5000DE5D2;
			remoteInfo = "extThree20JSON+SBJSON";
		};
		574CA0901265729D00F49959 /* PBXContainerItemProxy */ = {
			isa = PBXContainerItemProxy;
			containerPortal = 574CA0831265729D00F49959 /* extThree20JSON.xcodeproj */;
			proxyType = 2;
			remoteGlobalIDString = 6E645BD91187751200F08CB1;
			remoteInfo = "extThree20JSON+YAJL";
		};
		574CA0921265729D00F49959 /* PBXContainerItemProxy */ = {
			isa = PBXContainerItemProxy;
			containerPortal = 574CA0831265729D00F49959 /* extThree20JSON.xcodeproj */;
			proxyType = 2;
			remoteGlobalIDString = EB9E6C6210B6A8F800DE563C;
			remoteInfo = UnitTestsSBJSON;
		};
		574CA0AE1265738C00F49959 /* PBXContainerItemProxy */ = {
			isa = PBXContainerItemProxy;
			containerPortal = 574CA0831265729D00F49959 /* extThree20JSON.xcodeproj */;
			proxyType = 1;
			remoteGlobalIDString = BEF31F390F352DF5000DE5D2;
			remoteInfo = "extThree20JSON+SBJSON";
		};
		57FAD5661257ADAD00773631 /* PBXContainerItemProxy */ = {
			isa = PBXContainerItemProxy;
			containerPortal = 57FAD5611257ADAD00773631 /* Three20.xcodeproj */;
			proxyType = 2;
			remoteGlobalIDString = BEF31F3A0F352DF5000DE5D2;
			remoteInfo = Three20;
		};
		57FAD5681257ADAD00773631 /* PBXContainerItemProxy */ = {
			isa = PBXContainerItemProxy;
			containerPortal = 57FAD5611257ADAD00773631 /* Three20.xcodeproj */;
			proxyType = 2;
			remoteGlobalIDString = EB9E6C6210B6A8F800DE563C;
			remoteInfo = UnitTests;
		};
		57FAD57F1257ADDA00773631 /* PBXContainerItemProxy */ = {
			isa = PBXContainerItemProxy;
			containerPortal = 57FAD56B1257ADDA00773631 /* Three20Core.xcodeproj */;
			proxyType = 2;
			remoteGlobalIDString = BEF31F3A0F352DF5000DE5D2;
			remoteInfo = Three20Core;
		};
		57FAD5811257ADDA00773631 /* PBXContainerItemProxy */ = {
			isa = PBXContainerItemProxy;
			containerPortal = 57FAD56B1257ADDA00773631 /* Three20Core.xcodeproj */;
			proxyType = 2;
			remoteGlobalIDString = EB9E6C6210B6A8F800DE563C;
			remoteInfo = UnitTests;
		};
		57FAD5851257ADDA00773631 /* PBXContainerItemProxy */ = {
			isa = PBXContainerItemProxy;
			containerPortal = 57FAD56E1257ADDA00773631 /* Three20Network.xcodeproj */;
			proxyType = 2;
			remoteGlobalIDString = BEF31F3A0F352DF5000DE5D2;
			remoteInfo = Three20Network;
		};
		57FAD5871257ADDA00773631 /* PBXContainerItemProxy */ = {
			isa = PBXContainerItemProxy;
			containerPortal = 57FAD56E1257ADDA00773631 /* Three20Network.xcodeproj */;
			proxyType = 2;
			remoteGlobalIDString = EB9E6C6210B6A8F800DE563C;
			remoteInfo = UnitTests;
		};
		57FAD58B1257ADDA00773631 /* PBXContainerItemProxy */ = {
			isa = PBXContainerItemProxy;
			containerPortal = 57FAD5711257ADDA00773631 /* Three20Style.xcodeproj */;
			proxyType = 2;
			remoteGlobalIDString = BEF31F3A0F352DF5000DE5D2;
			remoteInfo = Three20Style;
		};
		57FAD58D1257ADDA00773631 /* PBXContainerItemProxy */ = {
			isa = PBXContainerItemProxy;
			containerPortal = 57FAD5711257ADDA00773631 /* Three20Style.xcodeproj */;
			proxyType = 2;
			remoteGlobalIDString = EB9E6C6210B6A8F800DE563C;
			remoteInfo = UnitTests;
		};
		57FAD5911257ADDA00773631 /* PBXContainerItemProxy */ = {
			isa = PBXContainerItemProxy;
			containerPortal = 57FAD5741257ADDA00773631 /* Three20UICommon.xcodeproj */;
			proxyType = 2;
			remoteGlobalIDString = BEF31F3A0F352DF5000DE5D2;
			remoteInfo = Three20UICommon;
		};
		57FAD5931257ADDA00773631 /* PBXContainerItemProxy */ = {
			isa = PBXContainerItemProxy;
			containerPortal = 57FAD5741257ADDA00773631 /* Three20UICommon.xcodeproj */;
			proxyType = 2;
			remoteGlobalIDString = EB9E6C6210B6A8F800DE563C;
			remoteInfo = UnitTests;
		};
		57FAD5971257ADDA00773631 /* PBXContainerItemProxy */ = {
			isa = PBXContainerItemProxy;
			containerPortal = 57FAD5771257ADDA00773631 /* Three20UINavigator.xcodeproj */;
			proxyType = 2;
			remoteGlobalIDString = BEF31F3A0F352DF5000DE5D2;
			remoteInfo = Three20UINavigator;
		};
		57FAD5991257ADDA00773631 /* PBXContainerItemProxy */ = {
			isa = PBXContainerItemProxy;
			containerPortal = 57FAD5771257ADDA00773631 /* Three20UINavigator.xcodeproj */;
			proxyType = 2;
			remoteGlobalIDString = EB9E6C6210B6A8F800DE563C;
			remoteInfo = UnitTests;
		};
		57FAD59D1257ADDA00773631 /* PBXContainerItemProxy */ = {
			isa = PBXContainerItemProxy;
			containerPortal = 57FAD57A1257ADDA00773631 /* Three20UI.xcodeproj */;
			proxyType = 2;
			remoteGlobalIDString = BEF31F3A0F352DF5000DE5D2;
			remoteInfo = Three20UI;
		};
		57FAD59F1257ADDA00773631 /* PBXContainerItemProxy */ = {
			isa = PBXContainerItemProxy;
			containerPortal = 57FAD57A1257ADDA00773631 /* Three20UI.xcodeproj */;
			proxyType = 2;
			remoteGlobalIDString = EB9E6C6210B6A8F800DE563C;
			remoteInfo = UnitTests;
		};
		57FAD5A71257AE7000773631 /* PBXContainerItemProxy */ = {
			isa = PBXContainerItemProxy;
			containerPortal = 57FAD5771257ADDA00773631 /* Three20UINavigator.xcodeproj */;
			proxyType = 1;
			remoteGlobalIDString = BEF31F390F352DF5000DE5D2;
			remoteInfo = Three20UINavigator;
		};
		57FAD5A91257AE7000773631 /* PBXContainerItemProxy */ = {
			isa = PBXContainerItemProxy;
			containerPortal = 57FAD56B1257ADDA00773631 /* Three20Core.xcodeproj */;
			proxyType = 1;
			remoteGlobalIDString = BEF31F390F352DF5000DE5D2;
			remoteInfo = Three20Core;
		};
		57FAD5AB1257AE7000773631 /* PBXContainerItemProxy */ = {
			isa = PBXContainerItemProxy;
			containerPortal = 57FAD5711257ADDA00773631 /* Three20Style.xcodeproj */;
			proxyType = 1;
			remoteGlobalIDString = BEF31F390F352DF5000DE5D2;
			remoteInfo = Three20Style;
		};
		57FAD5AD1257AE7000773631 /* PBXContainerItemProxy */ = {
			isa = PBXContainerItemProxy;
			containerPortal = 57FAD57A1257ADDA00773631 /* Three20UI.xcodeproj */;
			proxyType = 1;
			remoteGlobalIDString = BEF31F390F352DF5000DE5D2;
			remoteInfo = Three20UI;
		};
		57FAD5AF1257AE7000773631 /* PBXContainerItemProxy */ = {
			isa = PBXContainerItemProxy;
			containerPortal = 57FAD5611257ADAD00773631 /* Three20.xcodeproj */;
			proxyType = 1;
			remoteGlobalIDString = BEF31F390F352DF5000DE5D2;
			remoteInfo = Three20;
		};
		57FAD5B11257AE7000773631 /* PBXContainerItemProxy */ = {
			isa = PBXContainerItemProxy;
			containerPortal = 57FAD56E1257ADDA00773631 /* Three20Network.xcodeproj */;
			proxyType = 1;
			remoteGlobalIDString = BEF31F390F352DF5000DE5D2;
			remoteInfo = Three20Network;
		};
		57FAD5B31257AE7000773631 /* PBXContainerItemProxy */ = {
			isa = PBXContainerItemProxy;
			containerPortal = 57FAD5741257ADDA00773631 /* Three20UICommon.xcodeproj */;
			proxyType = 1;
			remoteGlobalIDString = BEF31F390F352DF5000DE5D2;
			remoteInfo = Three20UICommon;
		};
/* End PBXContainerItemProxy section */

/* Begin PBXFileReference section */
		1D30AB110D05D00D00671497 /* Foundation.framework */ = {isa = PBXFileReference; lastKnownFileType = wrapper.framework; name = Foundation.framework; path = System/Library/Frameworks/Foundation.framework; sourceTree = SDKROOT; };
		1D3623240D0F684500981E51 /* EyesOnAppDelegate.h */ = {isa = PBXFileReference; fileEncoding = 4; lastKnownFileType = sourcecode.c.h; path = EyesOnAppDelegate.h; sourceTree = "<group>"; };
		1D3623250D0F684500981E51 /* EyesOnAppDelegate.m */ = {isa = PBXFileReference; fileEncoding = 4; lastKnownFileType = sourcecode.c.objc; path = EyesOnAppDelegate.m; sourceTree = "<group>"; };
		1D6058910D05DD3D006BFB54 /* EyesOn.app */ = {isa = PBXFileReference; explicitFileType = wrapper.application; includeInIndex = 0; path = EyesOn.app; sourceTree = BUILT_PRODUCTS_DIR; };
		1DF5F4DF0D08C38300B7A737 /* UIKit.framework */ = {isa = PBXFileReference; lastKnownFileType = wrapper.framework; name = UIKit.framework; path = System/Library/Frameworks/UIKit.framework; sourceTree = SDKROOT; };
		288765FC0DF74451002DB57D /* CoreGraphics.framework */ = {isa = PBXFileReference; lastKnownFileType = wrapper.framework; name = CoreGraphics.framework; path = System/Library/Frameworks/CoreGraphics.framework; sourceTree = SDKROOT; };
		29B97316FDCFA39411CA2CEA /* main.m */ = {isa = PBXFileReference; fileEncoding = 4; lastKnownFileType = sourcecode.c.objc; path = main.m; sourceTree = "<group>"; };
		32CA4F630368D1EE00C91783 /* EyesOn_Prefix.pch */ = {isa = PBXFileReference; fileEncoding = 4; lastKnownFileType = sourcecode.c.h; path = EyesOn_Prefix.pch; sourceTree = "<group>"; };
		574CA0831265729D00F49959 /* extThree20JSON.xcodeproj */ = {isa = PBXFileReference; lastKnownFileType = "wrapper.pb-project"; name = extThree20JSON.xcodeproj; path = ../three20/src/extThree20JSON/extThree20JSON.xcodeproj; sourceTree = SOURCE_ROOT; };
		574CA2711266B33200F49959 /* ASIAuthenticationDialog.h */ = {isa = PBXFileReference; fileEncoding = 4; lastKnownFileType = sourcecode.c.h; path = ASIAuthenticationDialog.h; sourceTree = "<group>"; };
		574CA2721266B33200F49959 /* ASIAuthenticationDialog.m */ = {isa = PBXFileReference; fileEncoding = 4; lastKnownFileType = sourcecode.c.objc; path = ASIAuthenticationDialog.m; sourceTree = "<group>"; };
		574CA2731266B33200F49959 /* ASICacheDelegate.h */ = {isa = PBXFileReference; fileEncoding = 4; lastKnownFileType = sourcecode.c.h; path = ASICacheDelegate.h; sourceTree = "<group>"; };
		574CA2741266B33200F49959 /* ASIDownloadCache.h */ = {isa = PBXFileReference; fileEncoding = 4; lastKnownFileType = sourcecode.c.h; path = ASIDownloadCache.h; sourceTree = "<group>"; };
		574CA2751266B33200F49959 /* ASIDownloadCache.m */ = {isa = PBXFileReference; fileEncoding = 4; lastKnownFileType = sourcecode.c.objc; path = ASIDownloadCache.m; sourceTree = "<group>"; };
		574CA2761266B33200F49959 /* ASIFormDataRequest.h */ = {isa = PBXFileReference; fileEncoding = 4; lastKnownFileType = sourcecode.c.h; path = ASIFormDataRequest.h; sourceTree = "<group>"; };
		574CA2771266B33200F49959 /* ASIFormDataRequest.m */ = {isa = PBXFileReference; fileEncoding = 4; lastKnownFileType = sourcecode.c.objc; path = ASIFormDataRequest.m; sourceTree = "<group>"; };
		574CA2781266B33200F49959 /* ASIHTTPRequest.h */ = {isa = PBXFileReference; fileEncoding = 4; lastKnownFileType = sourcecode.c.h; path = ASIHTTPRequest.h; sourceTree = "<group>"; };
		574CA2791266B33200F49959 /* ASIHTTPRequest.m */ = {isa = PBXFileReference; fileEncoding = 4; lastKnownFileType = sourcecode.c.objc; path = ASIHTTPRequest.m; sourceTree = "<group>"; };
		574CA27A1266B33200F49959 /* ASIHTTPRequestConfig.h */ = {isa = PBXFileReference; fileEncoding = 4; lastKnownFileType = sourcecode.c.h; path = ASIHTTPRequestConfig.h; sourceTree = "<group>"; };
		574CA27B1266B33200F49959 /* ASIHTTPRequestDelegate.h */ = {isa = PBXFileReference; fileEncoding = 4; lastKnownFileType = sourcecode.c.h; path = ASIHTTPRequestDelegate.h; sourceTree = "<group>"; };
		574CA27C1266B33200F49959 /* ASIInputStream.h */ = {isa = PBXFileReference; fileEncoding = 4; lastKnownFileType = sourcecode.c.h; path = ASIInputStream.h; sourceTree = "<group>"; };
		574CA27D1266B33200F49959 /* ASIInputStream.m */ = {isa = PBXFileReference; fileEncoding = 4; lastKnownFileType = sourcecode.c.objc; path = ASIInputStream.m; sourceTree = "<group>"; };
		574CA27E1266B33200F49959 /* ASINetworkQueue.h */ = {isa = PBXFileReference; fileEncoding = 4; lastKnownFileType = sourcecode.c.h; path = ASINetworkQueue.h; sourceTree = "<group>"; };
		574CA27F1266B33200F49959 /* ASINetworkQueue.m */ = {isa = PBXFileReference; fileEncoding = 4; lastKnownFileType = sourcecode.c.objc; path = ASINetworkQueue.m; sourceTree = "<group>"; };
		574CA2801266B33200F49959 /* ASIProgressDelegate.h */ = {isa = PBXFileReference; fileEncoding = 4; lastKnownFileType = sourcecode.c.h; path = ASIProgressDelegate.h; sourceTree = "<group>"; };
		574CA2821266B33200F49959 /* ASINSXMLParserCompat.h */ = {isa = PBXFileReference; fileEncoding = 4; lastKnownFileType = sourcecode.c.h; path = ASINSXMLParserCompat.h; sourceTree = "<group>"; };
		574CA2831266B33200F49959 /* ASIS3Bucket.h */ = {isa = PBXFileReference; fileEncoding = 4; lastKnownFileType = sourcecode.c.h; path = ASIS3Bucket.h; sourceTree = "<group>"; };
		574CA2841266B33200F49959 /* ASIS3Bucket.m */ = {isa = PBXFileReference; fileEncoding = 4; lastKnownFileType = sourcecode.c.objc; path = ASIS3Bucket.m; sourceTree = "<group>"; };
		574CA2851266B33200F49959 /* ASIS3BucketObject.h */ = {isa = PBXFileReference; fileEncoding = 4; lastKnownFileType = sourcecode.c.h; path = ASIS3BucketObject.h; sourceTree = "<group>"; };
		574CA2861266B33200F49959 /* ASIS3BucketObject.m */ = {isa = PBXFileReference; fileEncoding = 4; lastKnownFileType = sourcecode.c.objc; path = ASIS3BucketObject.m; sourceTree = "<group>"; };
		574CA2871266B33200F49959 /* ASIS3BucketRequest.h */ = {isa = PBXFileReference; fileEncoding = 4; lastKnownFileType = sourcecode.c.h; path = ASIS3BucketRequest.h; sourceTree = "<group>"; };
		574CA2881266B33200F49959 /* ASIS3BucketRequest.m */ = {isa = PBXFileReference; fileEncoding = 4; lastKnownFileType = sourcecode.c.objc; path = ASIS3BucketRequest.m; sourceTree = "<group>"; };
		574CA2891266B33200F49959 /* ASIS3ObjectRequest.h */ = {isa = PBXFileReference; fileEncoding = 4; lastKnownFileType = sourcecode.c.h; path = ASIS3ObjectRequest.h; sourceTree = "<group>"; };
		574CA28A1266B33200F49959 /* ASIS3ObjectRequest.m */ = {isa = PBXFileReference; fileEncoding = 4; lastKnownFileType = sourcecode.c.objc; path = ASIS3ObjectRequest.m; sourceTree = "<group>"; };
		574CA28B1266B33200F49959 /* ASIS3Request.h */ = {isa = PBXFileReference; fileEncoding = 4; lastKnownFileType = sourcecode.c.h; path = ASIS3Request.h; sourceTree = "<group>"; };
		574CA28C1266B33200F49959 /* ASIS3Request.m */ = {isa = PBXFileReference; fileEncoding = 4; lastKnownFileType = sourcecode.c.objc; path = ASIS3Request.m; sourceTree = "<group>"; };
		574CA28D1266B33200F49959 /* ASIS3ServiceRequest.h */ = {isa = PBXFileReference; fileEncoding = 4; lastKnownFileType = sourcecode.c.h; path = ASIS3ServiceRequest.h; sourceTree = "<group>"; };
		574CA28E1266B33200F49959 /* ASIS3ServiceRequest.m */ = {isa = PBXFileReference; fileEncoding = 4; lastKnownFileType = sourcecode.c.objc; path = ASIS3ServiceRequest.m; sourceTree = "<group>"; };
		574CA29C1266B34200F49959 /* Reachability.h */ = {isa = PBXFileReference; fileEncoding = 4; lastKnownFileType = sourcecode.c.h; path = Reachability.h; sourceTree = "<group>"; };
		574CA29D1266B34200F49959 /* Reachability.m */ = {isa = PBXFileReference; fileEncoding = 4; lastKnownFileType = sourcecode.c.objc; path = Reachability.m; sourceTree = "<group>"; };
		574CA2A51266B53200F49959 /* CFNetwork.framework */ = {isa = PBXFileReference; lastKnownFileType = wrapper.framework; name = CFNetwork.framework; path = System/Library/Frameworks/CFNetwork.framework; sourceTree = SDKROOT; };
		574CA2A71266B53200F49959 /* MobileCoreServices.framework */ = {isa = PBXFileReference; lastKnownFileType = wrapper.framework; name = MobileCoreServices.framework; path = System/Library/Frameworks/MobileCoreServices.framework; sourceTree = SDKROOT; };
		574CA2A91266B53200F49959 /* SystemConfiguration.framework */ = {isa = PBXFileReference; lastKnownFileType = wrapper.framework; name = SystemConfiguration.framework; path = System/Library/Frameworks/SystemConfiguration.framework; sourceTree = SDKROOT; };
		574CA2AB1266B53200F49959 /* libz.1.2.3.dylib */ = {isa = PBXFileReference; lastKnownFileType = "compiled.mach-o.dylib"; name = libz.1.2.3.dylib; path = usr/lib/libz.1.2.3.dylib; sourceTree = SDKROOT; };
		5771ABED1257FCB40009B33F /* EyesOn_Icon.png */ = {isa = PBXFileReference; lastKnownFileType = image.png; path = EyesOn_Icon.png; sourceTree = "<group>"; };
		5771ACA21258241F0009B33F /* Photo.h */ = {isa = PBXFileReference; fileEncoding = 4; lastKnownFileType = sourcecode.c.h; path = Photo.h; sourceTree = "<group>"; };
		5771ACA31258241F0009B33F /* Photo.m */ = {isa = PBXFileReference; fileEncoding = 4; lastKnownFileType = sourcecode.c.objc; path = Photo.m; sourceTree = "<group>"; };
		57FAD5611257ADAD00773631 /* Three20.xcodeproj */ = {isa = PBXFileReference; lastKnownFileType = "wrapper.pb-project"; name = Three20.xcodeproj; path = ../three20/src/Three20/Three20.xcodeproj; sourceTree = SOURCE_ROOT; };
		57FAD56B1257ADDA00773631 /* Three20Core.xcodeproj */ = {isa = PBXFileReference; lastKnownFileType = "wrapper.pb-project"; name = Three20Core.xcodeproj; path = ../three20/src/Three20Core/Three20Core.xcodeproj; sourceTree = SOURCE_ROOT; };
		57FAD56E1257ADDA00773631 /* Three20Network.xcodeproj */ = {isa = PBXFileReference; lastKnownFileType = "wrapper.pb-project"; name = Three20Network.xcodeproj; path = ../three20/src/Three20Network/Three20Network.xcodeproj; sourceTree = SOURCE_ROOT; };
		57FAD5711257ADDA00773631 /* Three20Style.xcodeproj */ = {isa = PBXFileReference; lastKnownFileType = "wrapper.pb-project"; name = Three20Style.xcodeproj; path = ../three20/src/Three20Style/Three20Style.xcodeproj; sourceTree = SOURCE_ROOT; };
		57FAD5741257ADDA00773631 /* Three20UICommon.xcodeproj */ = {isa = PBXFileReference; lastKnownFileType = "wrapper.pb-project"; name = Three20UICommon.xcodeproj; path = ../three20/src/Three20UICommon/Three20UICommon.xcodeproj; sourceTree = SOURCE_ROOT; };
		57FAD5771257ADDA00773631 /* Three20UINavigator.xcodeproj */ = {isa = PBXFileReference; lastKnownFileType = "wrapper.pb-project"; name = Three20UINavigator.xcodeproj; path = ../three20/src/Three20UINavigator/Three20UINavigator.xcodeproj; sourceTree = SOURCE_ROOT; };
		57FAD57A1257ADDA00773631 /* Three20UI.xcodeproj */ = {isa = PBXFileReference; lastKnownFileType = "wrapper.pb-project"; name = Three20UI.xcodeproj; path = ../three20/src/Three20UI/Three20UI.xcodeproj; sourceTree = SOURCE_ROOT; };
		57FAD5BE1257AE8F00773631 /* Three20.bundle */ = {isa = PBXFileReference; lastKnownFileType = "wrapper.plug-in"; name = Three20.bundle; path = ../three20/src/Three20.bundle; sourceTree = SOURCE_ROOT; };
		57FAD63E1257AEB600773631 /* QuartzCore.framework */ = {isa = PBXFileReference; lastKnownFileType = wrapper.framework; name = QuartzCore.framework; path = /System/Library/Frameworks/QuartzCore.framework; sourceTree = "<absolute>"; };
		57FAD6AC1257BB9D00773631 /* PhotoController.h */ = {isa = PBXFileReference; fileEncoding = 4; lastKnownFileType = sourcecode.c.h; path = PhotoController.h; sourceTree = "<group>"; };
		57FAD6AD1257BB9D00773631 /* PhotoController.m */ = {isa = PBXFileReference; fileEncoding = 4; lastKnownFileType = sourcecode.c.objc; path = PhotoController.m; sourceTree = "<group>"; };
		57FAD6B31257BBBD00773631 /* PhotoSource.h */ = {isa = PBXFileReference; fileEncoding = 4; lastKnownFileType = sourcecode.c.h; name = PhotoSource.h; path = ../three20/samples/TTCatalog/Classes/PhotoSource.h; sourceTree = SOURCE_ROOT; };
		57FAD6B41257BBBD00773631 /* PhotoSource.m */ = {isa = PBXFileReference; fileEncoding = 4; lastKnownFileType = sourcecode.c.objc; name = PhotoSource.m; path = ../three20/samples/TTCatalog/Classes/PhotoSource.m; sourceTree = SOURCE_ROOT; };
		57FAD7371257BF1800773631 /* StartUpController.h */ = {isa = PBXFileReference; fileEncoding = 4; lastKnownFileType = sourcecode.c.h; path = StartUpController.h; sourceTree = "<group>"; };
		57FAD7381257BF1800773631 /* StartUpController.m */ = {isa = PBXFileReference; fileEncoding = 4; lastKnownFileType = sourcecode.c.objc; path = StartUpController.m; sourceTree = "<group>"; };
		57FAD7391257BF1800773631 /* StartUpController.xib */ = {isa = PBXFileReference; lastKnownFileType = file.xib; path = StartUpController.xib; sourceTree = "<group>"; };
		57FAD7571257C2AD00773631 /* SutroWide.png */ = {isa = PBXFileReference; lastKnownFileType = image.png; path = SutroWide.png; sourceTree = "<group>"; };
		57FAD80E1257CA4200773631 /* EOLocationProvider.h */ = {isa = PBXFileReference; fileEncoding = 4; lastKnownFileType = sourcecode.c.h; path = EOLocationProvider.h; sourceTree = "<group>"; };
		57FAD80F1257CA4200773631 /* EOLocationProvider.m */ = {isa = PBXFileReference; fileEncoding = 4; lastKnownFileType = sourcecode.c.objc; path = EOLocationProvider.m; sourceTree = "<group>"; };
		57FAD8221257CBB900773631 /* CoreLocation.framework */ = {isa = PBXFileReference; lastKnownFileType = wrapper.framework; name = CoreLocation.framework; path = /System/Library/Frameworks/CoreLocation.framework; sourceTree = "<absolute>"; };
		57FAD8481257CE3400773631 /* TargetsSource.h */ = {isa = PBXFileReference; fileEncoding = 4; lastKnownFileType = sourcecode.c.h; path = TargetsSource.h; sourceTree = "<group>"; };
		57FAD8491257CE3400773631 /* TargetsSource.m */ = {isa = PBXFileReference; fileEncoding = 4; lastKnownFileType = sourcecode.c.objc; path = TargetsSource.m; sourceTree = "<group>"; };
		57FAD84B1257DEF200773631 /* TargetsController.h */ = {isa = PBXFileReference; fileEncoding = 4; lastKnownFileType = sourcecode.c.h; path = TargetsController.h; sourceTree = "<group>"; };
		57FAD84C1257DEF200773631 /* TargetsController.m */ = {isa = PBXFileReference; fileEncoding = 4; lastKnownFileType = sourcecode.c.objc; path = TargetsController.m; sourceTree = "<group>"; };
		57FAD8891257E3FE00773631 /* Target.h */ = {isa = PBXFileReference; fileEncoding = 4; lastKnownFileType = sourcecode.c.h; path = Target.h; sourceTree = "<group>"; };
		57FAD88A1257E3FE00773631 /* Target.m */ = {isa = PBXFileReference; fileEncoding = 4; lastKnownFileType = sourcecode.c.objc; path = Target.m; sourceTree = "<group>"; };
		57FAD88E1257E52100773631 /* TargetsModel.h */ = {isa = PBXFileReference; fileEncoding = 4; lastKnownFileType = sourcecode.c.h; path = TargetsModel.h; sourceTree = "<group>"; };
		57FAD88F1257E52100773631 /* TargetsModel.m */ = {isa = PBXFileReference; fileEncoding = 4; lastKnownFileType = sourcecode.c.objc; path = TargetsModel.m; sourceTree = "<group>"; };
		57FAD8F61257EDE100773631 /* TargetDetailViewController.h */ = {isa = PBXFileReference; fileEncoding = 4; lastKnownFileType = sourcecode.c.h; path = TargetDetailViewController.h; sourceTree = "<group>"; };
		57FAD8F71257EDE100773631 /* TargetDetailViewController.m */ = {isa = PBXFileReference; fileEncoding = 4; lastKnownFileType = sourcecode.c.objc; path = TargetDetailViewController.m; sourceTree = "<group>"; };
		57FAD8FD1257EE1300773631 /* OverlayViewController.h */ = {isa = PBXFileReference; fileEncoding = 4; lastKnownFileType = sourcecode.c.h; path = OverlayViewController.h; sourceTree = "<group>"; };
		57FAD8FE1257EE1300773631 /* OverlayViewController.m */ = {isa = PBXFileReference; fileEncoding = 4; lastKnownFileType = sourcecode.c.objc; path = OverlayViewController.m; sourceTree = "<group>"; };
		57FAD8FF1257EE1300773631 /* OverlayViewController.xib */ = {isa = PBXFileReference; lastKnownFileType = file.xib; path = OverlayViewController.xib; sourceTree = "<group>"; };
		57FAD9061257EE4900773631 /* tick.aiff */ = {isa = PBXFileReference; lastKnownFileType = audio.aiff; path = tick.aiff; sourceTree = "<group>"; };
		57FAD9081257EE6A00773631 /* AudioToolbox.framework */ = {isa = PBXFileReference; lastKnownFileType = wrapper.framework; name = AudioToolbox.framework; path = /System/Library/Frameworks/AudioToolbox.framework; sourceTree = "<absolute>"; };
		8D1107310486CEB800E47090 /* EyesOn-Info.plist */ = {isa = PBXFileReference; fileEncoding = 4; lastKnownFileType = text.plist.xml; path = "EyesOn-Info.plist"; plistStructureDefinitionIdentifier = "com.apple.xcode.plist.structure-definition.iphone.info-plist"; sourceTree = "<group>"; };
/* End PBXFileReference section */

/* Begin PBXFrameworksBuildPhase section */
		1D60588F0D05DD3D006BFB54 /* Frameworks */ = {
			isa = PBXFrameworksBuildPhase;
			buildActionMask = 2147483647;
			files = (
				1D60589F0D05DD5A006BFB54 /* Foundation.framework in Frameworks */,
				1DF5F4E00D08C38300B7A737 /* UIKit.framework in Frameworks */,
				288765FD0DF74451002DB57D /* CoreGraphics.framework in Frameworks */,
				57FAD5A11257ADE300773631 /* libThree20Core.a in Frameworks */,
				57FAD5A21257ADE300773631 /* libThree20Network.a in Frameworks */,
				57FAD5A31257ADE400773631 /* libThree20UI.a in Frameworks */,
				57FAD5A41257ADE500773631 /* libThree20Style.a in Frameworks */,
				57FAD5A51257ADE600773631 /* libThree20UICommon.a in Frameworks */,
				57FAD5A61257ADE600773631 /* libThree20UINavigator.a in Frameworks */,
				574CA0AB1265735A00F49959 /* libextThree20JSON+SBJSON.a in Frameworks */,
				57FAD63F1257AEB600773631 /* QuartzCore.framework in Frameworks */,
				57FAD8231257CBB900773631 /* CoreLocation.framework in Frameworks */,
				57FAD9091257EE6A00773631 /* AudioToolbox.framework in Frameworks */,
				574CA2A61266B53200F49959 /* CFNetwork.framework in Frameworks */,
				574CA2A81266B53200F49959 /* MobileCoreServices.framework in Frameworks */,
				574CA2AA1266B53200F49959 /* SystemConfiguration.framework in Frameworks */,
				574CA2AC1266B53200F49959 /* libz.1.2.3.dylib in Frameworks */,
			);
			runOnlyForDeploymentPostprocessing = 0;
		};
/* End PBXFrameworksBuildPhase section */

/* Begin PBXGroup section */
		080E96DDFE201D6D7F000001 /* Classes */ = {
			isa = PBXGroup;
			children = (
				574CA2701266B30100F49959 /* ASIHTTPRequest */,
				57FAD7361257BF0800773631 /* Util */,
				57FAD7351257BEF700773631 /* Models */,
				57FAD7281257BEDF00773631 /* UI */,
				1D3623240D0F684500981E51 /* EyesOnAppDelegate.h */,
				1D3623250D0F684500981E51 /* EyesOnAppDelegate.m */,
			);
			path = Classes;
			sourceTree = "<group>";
		};
		19C28FACFE9D520D11CA2CBB /* Products */ = {
			isa = PBXGroup;
			children = (
				1D6058910D05DD3D006BFB54 /* EyesOn.app */,
			);
			name = Products;
			sourceTree = "<group>";
		};
		29B97314FDCFA39411CA2CEA /* CustomTemplate */ = {
			isa = PBXGroup;
			children = (
				080E96DDFE201D6D7F000001 /* Classes */,
				29B97315FDCFA39411CA2CEA /* Other Sources */,
				29B97317FDCFA39411CA2CEA /* Resources */,
				29B97323FDCFA39411CA2CEA /* Frameworks */,
				57FAD56A1257ADB400773631 /* Three20 */,
				19C28FACFE9D520D11CA2CBB /* Products */,
			);
			name = CustomTemplate;
			sourceTree = "<group>";
		};
		29B97315FDCFA39411CA2CEA /* Other Sources */ = {
			isa = PBXGroup;
			children = (
				32CA4F630368D1EE00C91783 /* EyesOn_Prefix.pch */,
				29B97316FDCFA39411CA2CEA /* main.m */,
			);
			name = "Other Sources";
			sourceTree = "<group>";
		};
		29B97317FDCFA39411CA2CEA /* Resources */ = {
			isa = PBXGroup;
			children = (
				57FAD9051257EE2E00773631 /* Sounds */,
				57FAD54F1257AD2E00773631 /* Images */,
				8D1107310486CEB800E47090 /* EyesOn-Info.plist */,
			);
			name = Resources;
			sourceTree = "<group>";
		};
		29B97323FDCFA39411CA2CEA /* Frameworks */ = {
			isa = PBXGroup;
			children = (
				574CA2A51266B53200F49959 /* CFNetwork.framework */,
				574CA2A71266B53200F49959 /* MobileCoreServices.framework */,
				574CA2A91266B53200F49959 /* SystemConfiguration.framework */,
				574CA2AB1266B53200F49959 /* libz.1.2.3.dylib */,
				57FAD8221257CBB900773631 /* CoreLocation.framework */,
				57FAD9081257EE6A00773631 /* AudioToolbox.framework */,
				57FAD63E1257AEB600773631 /* QuartzCore.framework */,
				1DF5F4DF0D08C38300B7A737 /* UIKit.framework */,
				1D30AB110D05D00D00671497 /* Foundation.framework */,
				288765FC0DF74451002DB57D /* CoreGraphics.framework */,
			);
			name = Frameworks;
			sourceTree = "<group>";
		};
		574CA0841265729D00F49959 /* Products */ = {
			isa = PBXGroup;
			children = (
				574CA08F1265729D00F49959 /* libextThree20JSON+SBJSON.a */,
				574CA0911265729D00F49959 /* libextThree20JSON+YAJL.a */,
				574CA0931265729D00F49959 /* extJSONUnitTests.octest */,
			);
			name = Products;
			sourceTree = "<group>";
		};
		574CA2701266B30100F49959 /* ASIHTTPRequest */ = {
			isa = PBXGroup;
			children = (
				574CA29B1266B34200F49959 /* Reachability */,
				574CA2711266B33200F49959 /* ASIAuthenticationDialog.h */,
				574CA2721266B33200F49959 /* ASIAuthenticationDialog.m */,
				574CA2731266B33200F49959 /* ASICacheDelegate.h */,
				574CA2741266B33200F49959 /* ASIDownloadCache.h */,
				574CA2751266B33200F49959 /* ASIDownloadCache.m */,
				574CA2761266B33200F49959 /* ASIFormDataRequest.h */,
				574CA2771266B33200F49959 /* ASIFormDataRequest.m */,
				574CA2781266B33200F49959 /* ASIHTTPRequest.h */,
				574CA2791266B33200F49959 /* ASIHTTPRequest.m */,
				574CA27A1266B33200F49959 /* ASIHTTPRequestConfig.h */,
				574CA27B1266B33200F49959 /* ASIHTTPRequestDelegate.h */,
				574CA27C1266B33200F49959 /* ASIInputStream.h */,
				574CA27D1266B33200F49959 /* ASIInputStream.m */,
				574CA27E1266B33200F49959 /* ASINetworkQueue.h */,
				574CA27F1266B33200F49959 /* ASINetworkQueue.m */,
				574CA2801266B33200F49959 /* ASIProgressDelegate.h */,
				574CA2811266B33200F49959 /* S3 */,
			);
			path = ASIHTTPRequest;
			sourceTree = "<group>";
		};
		574CA2811266B33200F49959 /* S3 */ = {
			isa = PBXGroup;
			children = (
				574CA2821266B33200F49959 /* ASINSXMLParserCompat.h */,
				574CA2831266B33200F49959 /* ASIS3Bucket.h */,
				574CA2841266B33200F49959 /* ASIS3Bucket.m */,
				574CA2851266B33200F49959 /* ASIS3BucketObject.h */,
				574CA2861266B33200F49959 /* ASIS3BucketObject.m */,
				574CA2871266B33200F49959 /* ASIS3BucketRequest.h */,
				574CA2881266B33200F49959 /* ASIS3BucketRequest.m */,
				574CA2891266B33200F49959 /* ASIS3ObjectRequest.h */,
				574CA28A1266B33200F49959 /* ASIS3ObjectRequest.m */,
				574CA28B1266B33200F49959 /* ASIS3Request.h */,
				574CA28C1266B33200F49959 /* ASIS3Request.m */,
				574CA28D1266B33200F49959 /* ASIS3ServiceRequest.h */,
				574CA28E1266B33200F49959 /* ASIS3ServiceRequest.m */,
			);
			path = S3;
			sourceTree = "<group>";
		};
		574CA29B1266B34200F49959 /* Reachability */ = {
			isa = PBXGroup;
			children = (
				574CA29C1266B34200F49959 /* Reachability.h */,
				574CA29D1266B34200F49959 /* Reachability.m */,
			);
			path = Reachability;
			sourceTree = "<group>";
		};
		57FAD54F1257AD2E00773631 /* Images */ = {
			isa = PBXGroup;
			children = (
				5771ABED1257FCB40009B33F /* EyesOn_Icon.png */,
				57FAD7571257C2AD00773631 /* SutroWide.png */,
			);
			path = Images;
			sourceTree = "<group>";
		};
		57FAD5621257ADAD00773631 /* Products */ = {
			isa = PBXGroup;
			children = (
				57FAD5671257ADAD00773631 /* libThree20.a */,
				57FAD5691257ADAD00773631 /* UnitTests.octest */,
			);
			name = Products;
			sourceTree = "<group>";
		};
		57FAD56A1257ADB400773631 /* Three20 */ = {
			isa = PBXGroup;
			children = (
				57FAD5BE1257AE8F00773631 /* Three20.bundle */,
				57FAD56B1257ADDA00773631 /* Three20Core.xcodeproj */,
				57FAD56E1257ADDA00773631 /* Three20Network.xcodeproj */,
				57FAD5711257ADDA00773631 /* Three20Style.xcodeproj */,
				57FAD5741257ADDA00773631 /* Three20UICommon.xcodeproj */,
				57FAD5771257ADDA00773631 /* Three20UINavigator.xcodeproj */,
				57FAD57A1257ADDA00773631 /* Three20UI.xcodeproj */,
				57FAD5611257ADAD00773631 /* Three20.xcodeproj */,
				574CA0831265729D00F49959 /* extThree20JSON.xcodeproj */,
			);
			name = Three20;
			sourceTree = "<group>";
		};
		57FAD56C1257ADDA00773631 /* Products */ = {
			isa = PBXGroup;
			children = (
				57FAD5801257ADDA00773631 /* libThree20Core.a */,
				57FAD5821257ADDA00773631 /* CoreUnitTests.octest */,
			);
			name = Products;
			sourceTree = "<group>";
		};
		57FAD56F1257ADDA00773631 /* Products */ = {
			isa = PBXGroup;
			children = (
				57FAD5861257ADDA00773631 /* libThree20Network.a */,
				57FAD5881257ADDA00773631 /* UnitTests.octest */,
			);
			name = Products;
			sourceTree = "<group>";
		};
		57FAD5721257ADDA00773631 /* Products */ = {
			isa = PBXGroup;
			children = (
				57FAD58C1257ADDA00773631 /* libThree20Style.a */,
				57FAD58E1257ADDA00773631 /* UnitTests.octest */,
			);
			name = Products;
			sourceTree = "<group>";
		};
		57FAD5751257ADDA00773631 /* Products */ = {
			isa = PBXGroup;
			children = (
				57FAD5921257ADDA00773631 /* libThree20UICommon.a */,
				57FAD5941257ADDA00773631 /* UnitTests.octest */,
			);
			name = Products;
			sourceTree = "<group>";
		};
		57FAD5781257ADDA00773631 /* Products */ = {
			isa = PBXGroup;
			children = (
				57FAD5981257ADDA00773631 /* libThree20UINavigator.a */,
				57FAD59A1257ADDA00773631 /* UnitTests.octest */,
			);
			name = Products;
			sourceTree = "<group>";
		};
		57FAD57B1257ADDA00773631 /* Products */ = {
			isa = PBXGroup;
			children = (
				57FAD59E1257ADDA00773631 /* libThree20UI.a */,
				57FAD5A01257ADDA00773631 /* UnitTests.octest */,
			);
			name = Products;
			sourceTree = "<group>";
		};
		57FAD7281257BEDF00773631 /* UI */ = {
			isa = PBXGroup;
			children = (
				57FAD6AC1257BB9D00773631 /* PhotoController.h */,
				57FAD6AD1257BB9D00773631 /* PhotoController.m */,
				57FAD84B1257DEF200773631 /* TargetsController.h */,
				57FAD84C1257DEF200773631 /* TargetsController.m */,
				57FAD8FD1257EE1300773631 /* OverlayViewController.h */,
				57FAD8FE1257EE1300773631 /* OverlayViewController.m */,
				57FAD8FF1257EE1300773631 /* OverlayViewController.xib */,
				57FAD8F61257EDE100773631 /* TargetDetailViewController.h */,
				57FAD8F71257EDE100773631 /* TargetDetailViewController.m */,
			);
			name = UI;
			sourceTree = "<group>";
		};
		57FAD7351257BEF700773631 /* Models */ = {
			isa = PBXGroup;
			children = (
				57FAD6B31257BBBD00773631 /* PhotoSource.h */,
				57FAD6B41257BBBD00773631 /* PhotoSource.m */,
				57FAD8481257CE3400773631 /* TargetsSource.h */,
				57FAD8491257CE3400773631 /* TargetsSource.m */,
				57FAD8891257E3FE00773631 /* Target.h */,
				57FAD88A1257E3FE00773631 /* Target.m */,
				57FAD88E1257E52100773631 /* TargetsModel.h */,
				57FAD88F1257E52100773631 /* TargetsModel.m */,
				5771ACA21258241F0009B33F /* Photo.h */,
				5771ACA31258241F0009B33F /* Photo.m */,
			);
			name = Models;
			sourceTree = "<group>";
		};
		57FAD7361257BF0800773631 /* Util */ = {
			isa = PBXGroup;
			children = (
				57FAD7371257BF1800773631 /* StartUpController.h */,
				57FAD7381257BF1800773631 /* StartUpController.m */,
				57FAD7391257BF1800773631 /* StartUpController.xib */,
				57FAD80E1257CA4200773631 /* EOLocationProvider.h */,
				57FAD80F1257CA4200773631 /* EOLocationProvider.m */,
			);
			name = Util;
			sourceTree = "<group>";
		};
		57FAD9051257EE2E00773631 /* Sounds */ = {
			isa = PBXGroup;
			children = (
				57FAD9061257EE4900773631 /* tick.aiff */,
			);
			path = Sounds;
			sourceTree = "<group>";
		};
/* End PBXGroup section */

/* Begin PBXNativeTarget section */
		1D6058900D05DD3D006BFB54 /* EyesOn */ = {
			isa = PBXNativeTarget;
			buildConfigurationList = 1D6058960D05DD3E006BFB54 /* Build configuration list for PBXNativeTarget "EyesOn" */;
			buildPhases = (
				1D60588D0D05DD3D006BFB54 /* Resources */,
				1D60588E0D05DD3D006BFB54 /* Sources */,
				1D60588F0D05DD3D006BFB54 /* Frameworks */,
			);
			buildRules = (
			);
			dependencies = (
				57FAD5A81257AE7000773631 /* PBXTargetDependency */,
				57FAD5AA1257AE7000773631 /* PBXTargetDependency */,
				57FAD5AC1257AE7000773631 /* PBXTargetDependency */,
				57FAD5AE1257AE7000773631 /* PBXTargetDependency */,
				57FAD5B01257AE7000773631 /* PBXTargetDependency */,
				57FAD5B21257AE7000773631 /* PBXTargetDependency */,
				57FAD5B41257AE7000773631 /* PBXTargetDependency */,
				574CA0AF1265738C00F49959 /* PBXTargetDependency */,
			);
			name = EyesOn;
			productName = EyesOn;
			productReference = 1D6058910D05DD3D006BFB54 /* EyesOn.app */;
			productType = "com.apple.product-type.application";
		};
/* End PBXNativeTarget section */

/* Begin PBXProject section */
		29B97313FDCFA39411CA2CEA /* Project object */ = {
			isa = PBXProject;
			buildConfigurationList = C01FCF4E08A954540054247B /* Build configuration list for PBXProject "EyesOn" */;
			compatibilityVersion = "Xcode 3.1";
			developmentRegion = English;
			hasScannedForEncodings = 1;
			knownRegions = (
				English,
				Japanese,
				French,
				German,
			);
			mainGroup = 29B97314FDCFA39411CA2CEA /* CustomTemplate */;
			projectDirPath = "";
			projectReferences = (
				{
					ProductGroup = 574CA0841265729D00F49959 /* Products */;
					ProjectRef = 574CA0831265729D00F49959 /* extThree20JSON.xcodeproj */;
				},
				{
					ProductGroup = 57FAD5621257ADAD00773631 /* Products */;
					ProjectRef = 57FAD5611257ADAD00773631 /* Three20.xcodeproj */;
				},
				{
					ProductGroup = 57FAD56C1257ADDA00773631 /* Products */;
					ProjectRef = 57FAD56B1257ADDA00773631 /* Three20Core.xcodeproj */;
				},
				{
					ProductGroup = 57FAD56F1257ADDA00773631 /* Products */;
					ProjectRef = 57FAD56E1257ADDA00773631 /* Three20Network.xcodeproj */;
				},
				{
					ProductGroup = 57FAD5721257ADDA00773631 /* Products */;
					ProjectRef = 57FAD5711257ADDA00773631 /* Three20Style.xcodeproj */;
				},
				{
					ProductGroup = 57FAD57B1257ADDA00773631 /* Products */;
					ProjectRef = 57FAD57A1257ADDA00773631 /* Three20UI.xcodeproj */;
				},
				{
					ProductGroup = 57FAD5751257ADDA00773631 /* Products */;
					ProjectRef = 57FAD5741257ADDA00773631 /* Three20UICommon.xcodeproj */;
				},
				{
					ProductGroup = 57FAD5781257ADDA00773631 /* Products */;
					ProjectRef = 57FAD5771257ADDA00773631 /* Three20UINavigator.xcodeproj */;
				},
			);
			projectRoot = "";
			targets = (
				1D6058900D05DD3D006BFB54 /* EyesOn */,
			);
		};
/* End PBXProject section */

/* Begin PBXReferenceProxy section */
		574CA08F1265729D00F49959 /* libextThree20JSON+SBJSON.a */ = {
			isa = PBXReferenceProxy;
			fileType = archive.ar;
			path = "libextThree20JSON+SBJSON.a";
			remoteRef = 574CA08E1265729D00F49959 /* PBXContainerItemProxy */;
			sourceTree = BUILT_PRODUCTS_DIR;
		};
		574CA0911265729D00F49959 /* libextThree20JSON+YAJL.a */ = {
			isa = PBXReferenceProxy;
			fileType = archive.ar;
			path = "libextThree20JSON+YAJL.a";
			remoteRef = 574CA0901265729D00F49959 /* PBXContainerItemProxy */;
			sourceTree = BUILT_PRODUCTS_DIR;
		};
		574CA0931265729D00F49959 /* extJSONUnitTests.octest */ = {
			isa = PBXReferenceProxy;
			fileType = wrapper.cfbundle;
			path = extJSONUnitTests.octest;
			remoteRef = 574CA0921265729D00F49959 /* PBXContainerItemProxy */;
			sourceTree = BUILT_PRODUCTS_DIR;
		};
		57FAD5671257ADAD00773631 /* libThree20.a */ = {
			isa = PBXReferenceProxy;
			fileType = archive.ar;
			path = libThree20.a;
			remoteRef = 57FAD5661257ADAD00773631 /* PBXContainerItemProxy */;
			sourceTree = BUILT_PRODUCTS_DIR;
		};
		57FAD5691257ADAD00773631 /* UnitTests.octest */ = {
			isa = PBXReferenceProxy;
			fileType = wrapper.cfbundle;
			path = UnitTests.octest;
			remoteRef = 57FAD5681257ADAD00773631 /* PBXContainerItemProxy */;
			sourceTree = BUILT_PRODUCTS_DIR;
		};
		57FAD5801257ADDA00773631 /* libThree20Core.a */ = {
			isa = PBXReferenceProxy;
			fileType = archive.ar;
			path = libThree20Core.a;
			remoteRef = 57FAD57F1257ADDA00773631 /* PBXContainerItemProxy */;
			sourceTree = BUILT_PRODUCTS_DIR;
		};
		57FAD5821257ADDA00773631 /* CoreUnitTests.octest */ = {
			isa = PBXReferenceProxy;
			fileType = wrapper.cfbundle;
			path = CoreUnitTests.octest;
			remoteRef = 57FAD5811257ADDA00773631 /* PBXContainerItemProxy */;
			sourceTree = BUILT_PRODUCTS_DIR;
		};
		57FAD5861257ADDA00773631 /* libThree20Network.a */ = {
			isa = PBXReferenceProxy;
			fileType = archive.ar;
			path = libThree20Network.a;
			remoteRef = 57FAD5851257ADDA00773631 /* PBXContainerItemProxy */;
			sourceTree = BUILT_PRODUCTS_DIR;
		};
		57FAD5881257ADDA00773631 /* UnitTests.octest */ = {
			isa = PBXReferenceProxy;
			fileType = wrapper.cfbundle;
			path = UnitTests.octest;
			remoteRef = 57FAD5871257ADDA00773631 /* PBXContainerItemProxy */;
			sourceTree = BUILT_PRODUCTS_DIR;
		};
		57FAD58C1257ADDA00773631 /* libThree20Style.a */ = {
			isa = PBXReferenceProxy;
			fileType = archive.ar;
			path = libThree20Style.a;
			remoteRef = 57FAD58B1257ADDA00773631 /* PBXContainerItemProxy */;
			sourceTree = BUILT_PRODUCTS_DIR;
		};
		57FAD58E1257ADDA00773631 /* UnitTests.octest */ = {
			isa = PBXReferenceProxy;
			fileType = wrapper.cfbundle;
			path = UnitTests.octest;
			remoteRef = 57FAD58D1257ADDA00773631 /* PBXContainerItemProxy */;
			sourceTree = BUILT_PRODUCTS_DIR;
		};
		57FAD5921257ADDA00773631 /* libThree20UICommon.a */ = {
			isa = PBXReferenceProxy;
			fileType = archive.ar;
			path = libThree20UICommon.a;
			remoteRef = 57FAD5911257ADDA00773631 /* PBXContainerItemProxy */;
			sourceTree = BUILT_PRODUCTS_DIR;
		};
		57FAD5941257ADDA00773631 /* UnitTests.octest */ = {
			isa = PBXReferenceProxy;
			fileType = wrapper.cfbundle;
			path = UnitTests.octest;
			remoteRef = 57FAD5931257ADDA00773631 /* PBXContainerItemProxy */;
			sourceTree = BUILT_PRODUCTS_DIR;
		};
		57FAD5981257ADDA00773631 /* libThree20UINavigator.a */ = {
			isa = PBXReferenceProxy;
			fileType = archive.ar;
			path = libThree20UINavigator.a;
			remoteRef = 57FAD5971257ADDA00773631 /* PBXContainerItemProxy */;
			sourceTree = BUILT_PRODUCTS_DIR;
		};
		57FAD59A1257ADDA00773631 /* UnitTests.octest */ = {
			isa = PBXReferenceProxy;
			fileType = wrapper.cfbundle;
			path = UnitTests.octest;
			remoteRef = 57FAD5991257ADDA00773631 /* PBXContainerItemProxy */;
			sourceTree = BUILT_PRODUCTS_DIR;
		};
		57FAD59E1257ADDA00773631 /* libThree20UI.a */ = {
			isa = PBXReferenceProxy;
			fileType = archive.ar;
			path = libThree20UI.a;
			remoteRef = 57FAD59D1257ADDA00773631 /* PBXContainerItemProxy */;
			sourceTree = BUILT_PRODUCTS_DIR;
		};
		57FAD5A01257ADDA00773631 /* UnitTests.octest */ = {
			isa = PBXReferenceProxy;
			fileType = wrapper.cfbundle;
			path = UnitTests.octest;
			remoteRef = 57FAD59F1257ADDA00773631 /* PBXContainerItemProxy */;
			sourceTree = BUILT_PRODUCTS_DIR;
		};
/* End PBXReferenceProxy section */

/* Begin PBXResourcesBuildPhase section */
		1D60588D0D05DD3D006BFB54 /* Resources */ = {
			isa = PBXResourcesBuildPhase;
			buildActionMask = 2147483647;
			files = (
				57FAD5BF1257AE8F00773631 /* Three20.bundle in Resources */,
				57FAD73B1257BF1800773631 /* StartUpController.xib in Resources */,
				57FAD7581257C2AD00773631 /* SutroWide.png in Resources */,
				57FAD9011257EE1300773631 /* OverlayViewController.xib in Resources */,
				57FAD9071257EE4900773631 /* tick.aiff in Resources */,
				5771ABEE1257FCB40009B33F /* EyesOn_Icon.png in Resources */,
			);
			runOnlyForDeploymentPostprocessing = 0;
		};
/* End PBXResourcesBuildPhase section */

/* Begin PBXSourcesBuildPhase section */
		1D60588E0D05DD3D006BFB54 /* Sources */ = {
			isa = PBXSourcesBuildPhase;
			buildActionMask = 2147483647;
			files = (
				1D60589B0D05DD56006BFB54 /* main.m in Sources */,
				1D3623260D0F684500981E51 /* EyesOnAppDelegate.m in Sources */,
				57FAD6AE1257BB9D00773631 /* PhotoController.m in Sources */,
				57FAD6B51257BBBD00773631 /* PhotoSource.m in Sources */,
				57FAD73A1257BF1800773631 /* StartUpController.m in Sources */,
				57FAD81F1257CB9C00773631 /* EOLocationProvider.m in Sources */,
				57FAD84A1257CE3400773631 /* TargetsSource.m in Sources */,
				57FAD84D1257DEF200773631 /* TargetsController.m in Sources */,
				57FAD88B1257E46A00773631 /* Target.m in Sources */,
				57FAD8901257E52100773631 /* TargetsModel.m in Sources */,
				57FAD8F91257EDE100773631 /* TargetDetailViewController.m in Sources */,
				57FAD9001257EE1300773631 /* OverlayViewController.m in Sources */,
				5771ACA41258241F0009B33F /* Photo.m in Sources */,
				574CA28F1266B33200F49959 /* ASIAuthenticationDialog.m in Sources */,
				574CA2901266B33200F49959 /* ASIDownloadCache.m in Sources */,
				574CA2911266B33200F49959 /* ASIFormDataRequest.m in Sources */,
				574CA2921266B33200F49959 /* ASIHTTPRequest.m in Sources */,
				574CA2931266B33200F49959 /* ASIInputStream.m in Sources */,
				574CA2941266B33200F49959 /* ASINetworkQueue.m in Sources */,
				574CA2951266B33200F49959 /* ASIS3Bucket.m in Sources */,
				574CA2961266B33200F49959 /* ASIS3BucketObject.m in Sources */,
				574CA2971266B33200F49959 /* ASIS3BucketRequest.m in Sources */,
				574CA2981266B33200F49959 /* ASIS3ObjectRequest.m in Sources */,
				574CA2991266B33200F49959 /* ASIS3Request.m in Sources */,
				574CA29A1266B33200F49959 /* ASIS3ServiceRequest.m in Sources */,
				574CA29E1266B34200F49959 /* Reachability.m in Sources */,
			);
			runOnlyForDeploymentPostprocessing = 0;
		};
/* End PBXSourcesBuildPhase section */

/* Begin PBXTargetDependency section */
		574CA0AF1265738C00F49959 /* PBXTargetDependency */ = {
			isa = PBXTargetDependency;
			name = "extThree20JSON+SBJSON";
			targetProxy = 574CA0AE1265738C00F49959 /* PBXContainerItemProxy */;
		};
		57FAD5A81257AE7000773631 /* PBXTargetDependency */ = {
			isa = PBXTargetDependency;
			name = Three20UINavigator;
			targetProxy = 57FAD5A71257AE7000773631 /* PBXContainerItemProxy */;
		};
		57FAD5AA1257AE7000773631 /* PBXTargetDependency */ = {
			isa = PBXTargetDependency;
			name = Three20Core;
			targetProxy = 57FAD5A91257AE7000773631 /* PBXContainerItemProxy */;
		};
		57FAD5AC1257AE7000773631 /* PBXTargetDependency */ = {
			isa = PBXTargetDependency;
			name = Three20Style;
			targetProxy = 57FAD5AB1257AE7000773631 /* PBXContainerItemProxy */;
		};
		57FAD5AE1257AE7000773631 /* PBXTargetDependency */ = {
			isa = PBXTargetDependency;
			name = Three20UI;
			targetProxy = 57FAD5AD1257AE7000773631 /* PBXContainerItemProxy */;
		};
		57FAD5B01257AE7000773631 /* PBXTargetDependency */ = {
			isa = PBXTargetDependency;
			name = Three20;
			targetProxy = 57FAD5AF1257AE7000773631 /* PBXContainerItemProxy */;
		};
		57FAD5B21257AE7000773631 /* PBXTargetDependency */ = {
			isa = PBXTargetDependency;
			name = Three20Network;
			targetProxy = 57FAD5B11257AE7000773631 /* PBXContainerItemProxy */;
		};
		57FAD5B41257AE7000773631 /* PBXTargetDependency */ = {
			isa = PBXTargetDependency;
			name = Three20UICommon;
			targetProxy = 57FAD5B31257AE7000773631 /* PBXContainerItemProxy */;
		};
/* End PBXTargetDependency section */

/* Begin XCBuildConfiguration section */
		1D6058940D05DD3E006BFB54 /* Debug */ = {
			isa = XCBuildConfiguration;
			buildSettings = {
				ALWAYS_SEARCH_USER_PATHS = NO;
				COPY_PHASE_STRIP = NO;
				GCC_DYNAMIC_NO_PIC = NO;
				GCC_OPTIMIZATION_LEVEL = 0;
				GCC_PRECOMPILE_PREFIX_HEADER = YES;
				GCC_PREFIX_HEADER = EyesOn_Prefix.pch;
				GCC_TREAT_IMPLICIT_FUNCTION_DECLARATIONS_AS_ERRORS = NO;
				GCC_TREAT_WARNINGS_AS_ERRORS = NO;
				INFOPLIST_FILE = "EyesOn-Info.plist";
				ONLY_ACTIVE_ARCH = NO;
				PRODUCT_NAME = EyesOn;
			};
			name = Debug;
		};
		1D6058950D05DD3E006BFB54 /* Release */ = {
			isa = XCBuildConfiguration;
			buildSettings = {
				ALWAYS_SEARCH_USER_PATHS = NO;
				COPY_PHASE_STRIP = YES;
				GCC_PRECOMPILE_PREFIX_HEADER = YES;
				GCC_PREFIX_HEADER = EyesOn_Prefix.pch;
				GCC_TREAT_IMPLICIT_FUNCTION_DECLARATIONS_AS_ERRORS = NO;
				GCC_TREAT_WARNINGS_AS_ERRORS = NO;
				INFOPLIST_FILE = "EyesOn-Info.plist";
				PRODUCT_NAME = EyesOn;
				VALIDATE_PRODUCT = YES;
			};
			name = Release;
		};
		C01FCF4F08A954540054247B /* Debug */ = {
			isa = XCBuildConfiguration;
			buildSettings = {
				ARCHS = "$(ARCHS_STANDARD_32_BIT)";
				"CODE_SIGN_IDENTITY[sdk=iphoneos*]" = "iPhone Developer";
				GCC_C_LANGUAGE_STANDARD = c99;
				GCC_TREAT_IMPLICIT_FUNCTION_DECLARATIONS_AS_ERRORS = YES;
				GCC_TREAT_NONCONFORMANT_CODE_ERRORS_AS_WARNINGS = NO;
				GCC_TREAT_WARNINGS_AS_ERRORS = YES;
				GCC_WARN_64_TO_32_BIT_CONVERSION = YES;
				GCC_WARN_ABOUT_MISSING_FIELD_INITIALIZERS = YES;
				GCC_WARN_ABOUT_MISSING_NEWLINE = YES;
				GCC_WARN_ABOUT_MISSING_PROTOTYPES = YES;
				GCC_WARN_ABOUT_RETURN_TYPE = YES;
				GCC_WARN_CHECK_SWITCH_STATEMENTS = YES;
				GCC_WARN_HIDDEN_VIRTUAL_FUNCTIONS = YES;
				GCC_WARN_INITIALIZER_NOT_FULLY_BRACKETED = YES;
				GCC_WARN_MISSING_PARENTHESES = YES;
				GCC_WARN_MULTIPLE_DEFINITION_TYPES_FOR_SELECTOR = NO;
				GCC_WARN_NON_VIRTUAL_DESTRUCTOR = YES;
				GCC_WARN_PEDANTIC = NO;
				GCC_WARN_PROTOTYPE_CONVERSION = NO;
				GCC_WARN_SHADOW = YES;
				GCC_WARN_SIGN_COMPARE = YES;
				GCC_WARN_STRICT_SELECTOR_MATCH = YES;
				GCC_WARN_UNDECLARED_SELECTOR = YES;
				GCC_WARN_UNINITIALIZED_AUTOS = NO;
				GCC_WARN_UNKNOWN_PRAGMAS = YES;
				GCC_WARN_UNUSED_FUNCTION = YES;
				GCC_WARN_UNUSED_LABEL = YES;
				GCC_WARN_UNUSED_VALUE = YES;
				GCC_WARN_UNUSED_VARIABLE = YES;
				HEADER_SEARCH_PATHS = "${SRCROOT}/../three20/Build/Products/three20";
				OTHER_LDFLAGS = (
					"-ObjC",
					"-all_load",
				);
				PREBINDING = NO;
				SDKROOT = iphoneos4.1;
			};
			name = Debug;
		};
		C01FCF5008A954540054247B /* Release */ = {
			isa = XCBuildConfiguration;
			buildSettings = {
				ARCHS = "$(ARCHS_STANDARD_32_BIT)";
				"CODE_SIGN_IDENTITY[sdk=iphoneos*]" = "iPhone Developer";
				GCC_C_LANGUAGE_STANDARD = c99;
				GCC_WARN_ABOUT_RETURN_TYPE = YES;
				GCC_WARN_UNUSED_VARIABLE = YES;
				HEADER_SEARCH_PATHS = "${SRCROOT}/../three20/Build/Products/three20";
				OTHER_CFLAGS = "-DNS_BLOCK_ASSERTIONS=1";
				OTHER_LDFLAGS = (
					"-ObjC",
					"-all_load",
				);
				PREBINDING = NO;
				SDKROOT = iphoneos4.1;
			};
			name = Release;
		};
/* End XCBuildConfiguration section */

/* Begin XCConfigurationList section */
		1D6058960D05DD3E006BFB54 /* Build configuration list for PBXNativeTarget "EyesOn" */ = {
			isa = XCConfigurationList;
			buildConfigurations = (
				1D6058940D05DD3E006BFB54 /* Debug */,
				1D6058950D05DD3E006BFB54 /* Release */,
			);
			defaultConfigurationIsVisible = 0;
			defaultConfigurationName = Release;
		};
		C01FCF4E08A954540054247B /* Build configuration list for PBXProject "EyesOn" */ = {
			isa = XCConfigurationList;
			buildConfigurations = (
				C01FCF4F08A954540054247B /* Debug */,
				C01FCF5008A954540054247B /* Release */,
			);
			defaultConfigurationIsVisible = 0;
			defaultConfigurationName = Release;
		};
/* End XCConfigurationList section */
	};
	rootObject = 29B97313FDCFA39411CA2CEA /* Project object */;
}
